
Microsoft Visual Studio Solution File, Format Version 12.00
# Visual Studio Version 17
VisualStudioVersion = 17.13.35913.81 d17.13
MinimumVisualStudioVersion = 10.0.40219.1
Project("{FAE04EC0-301F-11D3-BF4B-00C04F79EFBC}") = "Veterinaria2", "Veterinaria2\Veterinaria2.csproj", "{E0BB8545-4F3A-452A-9EED-20BE4C33C8DB}"
EndProject
Global
	GlobalSection(SolutionConfigurationPlatforms) = preSolution
		Debug|Any CPU = Debug|Any CPU
		Release|Any CPU = Release|Any CPU
	EndGlobalSection
	GlobalSection(ProjectConfigurationPlatforms) = postSolution
		{E0BB8545-4F3A-452A-9EED-20BE4C33C8DB}.Debug|Any CPU.ActiveCfg = Debug|Any CPU
		{E0BB8545-4F3A-452A-9EED-20BE4C33C8DB}.Debug|Any CPU.Build.0 = Debug|Any CPU
		{E0BB8545-4F3A-452A-9EED-20BE4C33C8DB}.Release|Any CPU.ActiveCfg = Release|Any CPU
		{E0BB8545-4F3A-452A-9EED-20BE4C33C8DB}.Release|Any CPU.Build.0 = Release|Any CPU
	EndGlobalSection
	GlobalSection(SolutionProperties) = preSolution
		HideSolutionNode = FALSE
	EndGlobalSection
	GlobalSection(ExtensibilityGlobals) = postSolution
		SolutionGuid = {F2EA31B0-5E49-4BC4-89BB-88009C14012E}
	EndGlobalSection
EndGlobal
